
Microsoft Visual Studio Solution File, Format Version 12.00
# Visual Studio 15
VisualStudioVersion = 15.0.27703.2000
MinimumVisualStudioVersion = 10.0.40219.1
Project("{FAE04EC0-301F-11D3-BF4B-00C04F79EFBC}") = "AppCenter.Android", "AppCenter\AppCenter.Android\AppCenter.Android.csproj", "{D8377181-1A40-4291-A01F-CF020A3AECB0}"
EndProject
Project("{FAE04EC0-301F-11D3-BF4B-00C04F79EFBC}") = "AppCenter.iOS", "AppCenter\AppCenter.iOS\AppCenter.iOS.csproj", "{FEEAA640-1085-4498-9CBB-36914DFE2EA5}"
EndProject
Project("{FAE04EC0-301F-11D3-BF4B-00C04F79EFBC}") = "AppCenter.UWP", "AppCenter\AppCenter.UWP\AppCenter.UWP.csproj", "{2EF66114-A634-41CE-9CC0-4DA9C603006A}"
EndProject
Project("{FAE04EC0-301F-11D3-BF4B-00C04F79EFBC}") = "AppCenter", "AppCenter\AppCenter\AppCenter.csproj", "{0661F747-C8C7-404A-8B78-0BDA4AF59ABE}"
EndProject
Global
	GlobalSection(SolutionConfigurationPlatforms) = preSolution
		Debug|Any CPU = Debug|Any CPU
		Debug|ARM = Debug|ARM
		Debug|iPhone = Debug|iPhone
		Debug|iPhoneSimulator = Debug|iPhoneSimulator
		Debug|x64 = Debug|x64
		Debug|x86 = Debug|x86
		Release|Any CPU = Release|Any CPU
		Release|ARM = Release|ARM
		Release|iPhone = Release|iPhone
		Release|iPhoneSimulator = Release|iPhoneSimulator
		Release|x64 = Release|x64
		Release|x86 = Release|x86
	EndGlobalSection
	GlobalSection(ProjectConfigurationPlatforms) = postSolution
		{D8377181-1A40-4291-A01F-CF020A3AECB0}.Debug|Any CPU.ActiveCfg = Debug|Any CPU
		{D8377181-1A40-4291-A01F-CF020A3AECB0}.Debug|Any CPU.Build.0 = Debug|Any CPU
		{D8377181-1A40-4291-A01F-CF020A3AECB0}.Debug|Any CPU.Deploy.0 = Debug|Any CPU
		{D8377181-1A40-4291-A01F-CF020A3AECB0}.Debug|ARM.ActiveCfg = Debug|Any CPU
		{D8377181-1A40-4291-A01F-CF020A3AECB0}.Debug|ARM.Build.0 = Debug|Any CPU
		{D8377181-1A40-4291-A01F-CF020A3AECB0}.Debug|ARM.Deploy.0 = Debug|Any CPU
		{D8377181-1A40-4291-A01F-CF020A3AECB0}.Debug|iPhone.ActiveCfg = Debug|Any CPU
		{D8377181-1A40-4291-A01F-CF020A3AECB0}.Debug|iPhone.Build.0 = Debug|Any CPU
		{D8377181-1A40-4291-A01F-CF020A3AECB0}.Debug|iPhone.Deploy.0 = Debug|Any CPU
		{D8377181-1A40-4291-A01F-CF020A3AECB0}.Debug|iPhoneSimulator.ActiveCfg = Debug|Any CPU
		{D8377181-1A40-4291-A01F-CF020A3AECB0}.Debug|iPhoneSimulator.Build.0 = Debug|Any CPU
		{D8377181-1A40-4291-A01F-CF020A3AECB0}.Debug|iPhoneSimulator.Deploy.0 = Debug|Any CPU
		{D8377181-1A40-4291-A01F-CF020A3AECB0}.Debug|x64.ActiveCfg = Debug|Any CPU
		{D8377181-1A40-4291-A01F-CF020A3AECB0}.Debug|x64.Build.0 = Debug|Any CPU
		{D8377181-1A40-4291-A01F-CF020A3AECB0}.Debug|x64.Deploy.0 = Debug|Any CPU
		{D8377181-1A40-4291-A01F-CF020A3AECB0}.Debug|x86.ActiveCfg = Debug|Any CPU
		{D8377181-1A40-4291-A01F-CF020A3AECB0}.Debug|x86.Build.0 = Debug|Any CPU
		{D8377181-1A40-4291-A01F-CF020A3AECB0}.Debug|x86.Deploy.0 = Debug|Any CPU
		{D8377181-1A40-4291-A01F-CF020A3AECB0}.Release|Any CPU.ActiveCfg = Release|Any CPU
		{D8377181-1A40-4291-A01F-CF020A3AECB0}.Release|Any CPU.Build.0 = Release|Any CPU
		{D8377181-1A40-4291-A01F-CF020A3AECB0}.Release|Any CPU.Deploy.0 = Release|Any CPU
		{D8377181-1A40-4291-A01F-CF020A3AECB0}.Release|ARM.ActiveCfg = Release|Any CPU
		{D8377181-1A40-4291-A01F-CF020A3AECB0}.Release|ARM.Build.0 = Release|Any CPU
		{D8377181-1A40-4291-A01F-CF020A3AECB0}.Release|ARM.Deploy.0 = Release|Any CPU
		{D8377181-1A40-4291-A01F-CF020A3AECB0}.Release|iPhone.ActiveCfg = Release|Any CPU
		{D8377181-1A40-4291-A01F-CF020A3AECB0}.Release|iPhone.Build.0 = Release|Any CPU
		{D8377181-1A40-4291-A01F-CF020A3AECB0}.Release|iPhone.Deploy.0 = Release|Any CPU
		{D8377181-1A40-4291-A01F-CF020A3AECB0}.Release|iPhoneSimulator.ActiveCfg = Release|Any CPU
		{D8377181-1A40-4291-A01F-CF020A3AECB0}.Release|iPhoneSimulator.Build.0 = Release|Any CPU
		{D8377181-1A40-4291-A01F-CF020A3AECB0}.Release|iPhoneSimulator.Deploy.0 = Release|Any CPU
		{D8377181-1A40-4291-A01F-CF020A3AECB0}.Release|x64.ActiveCfg = Release|Any CPU
		{D8377181-1A40-4291-A01F-CF020A3AECB0}.Release|x64.Build.0 = Release|Any CPU
		{D8377181-1A40-4291-A01F-CF020A3AECB0}.Release|x64.Deploy.0 = Release|Any CPU
		{D8377181-1A40-4291-A01F-CF020A3AECB0}.Release|x86.ActiveCfg = Release|Any CPU
		{D8377181-1A40-4291-A01F-CF020A3AECB0}.Release|x86.Build.0 = Release|Any CPU
		{D8377181-1A40-4291-A01F-CF020A3AECB0}.Release|x86.Deploy.0 = Release|Any CPU
		{FEEAA640-1085-4498-9CBB-36914DFE2EA5}.Debug|Any CPU.ActiveCfg = Debug|iPhoneSimulator
		{FEEAA640-1085-4498-9CBB-36914DFE2EA5}.Debug|Any CPU.Build.0 = Debug|iPhoneSimulator
		{FEEAA640-1085-4498-9CBB-36914DFE2EA5}.Debug|Any CPU.Deploy.0 = Debug|iPhoneSimulator
		{FEEAA640-1085-4498-9CBB-36914DFE2EA5}.Debug|ARM.ActiveCfg = Debug|iPhone
		{FEEAA640-1085-4498-9CBB-36914DFE2EA5}.Debug|ARM.Build.0 = Debug|iPhone
		{FEEAA640-1085-4498-9CBB-36914DFE2EA5}.Debug|ARM.Deploy.0 = Debug|iPhone
		{FEEAA640-1085-4498-9CBB-36914DFE2EA5}.Debug|iPhone.ActiveCfg = Debug|iPhone
		{FEEAA640-1085-4498-9CBB-36914DFE2EA5}.Debug|iPhone.Build.0 = Debug|iPhone
		{FEEAA640-1085-4498-9CBB-36914DFE2EA5}.Debug|iPhone.Deploy.0 = Debug|iPhone
		{FEEAA640-1085-4498-9CBB-36914DFE2EA5}.Debug|iPhoneSimulator.ActiveCfg = Debug|iPhoneSimulator
		{FEEAA640-1085-4498-9CBB-36914DFE2EA5}.Debug|iPhoneSimulator.Build.0 = Debug|iPhoneSimulator
		{FEEAA640-1085-4498-9CBB-36914DFE2EA5}.Debug|iPhoneSimulator.Deploy.0 = Debug|iPhoneSimulator
		{FEEAA640-1085-4498-9CBB-36914DFE2EA5}.Debug|x64.ActiveCfg = Debug|iPhone
		{FEEAA640-1085-4498-9CBB-36914DFE2EA5}.Debug|x64.Build.0 = Debug|iPhone
		{FEEAA640-1085-4498-9CBB-36914DFE2EA5}.Debug|x64.Deploy.0 = Debug|iPhone
		{FEEAA640-1085-4498-9CBB-36914DFE2EA5}.Debug|x86.ActiveCfg = Debug|iPhone
		{FEEAA640-1085-4498-9CBB-36914DFE2EA5}.Debug|x86.Build.0 = Debug|iPhone
		{FEEAA640-1085-4498-9CBB-36914DFE2EA5}.Debug|x86.Deploy.0 = Debug|iPhone
		{FEEAA640-1085-4498-9CBB-36914DFE2EA5}.Release|Any CPU.ActiveCfg = Release|iPhone
		{FEEAA640-1085-4498-9CBB-36914DFE2EA5}.Release|Any CPU.Build.0 = Release|iPhone
		{FEEAA640-1085-4498-9CBB-36914DFE2EA5}.Release|Any CPU.Deploy.0 = Release|iPhone
		{FEEAA640-1085-4498-9CBB-36914DFE2EA5}.Release|ARM.ActiveCfg = Release|iPhone
		{FEEAA640-1085-4498-9CBB-36914DFE2EA5}.Release|ARM.Build.0 = Release|iPhone
		{FEEAA640-1085-4498-9CBB-36914DFE2EA5}.Release|ARM.Deploy.0 = Release|iPhone
		{FEEAA640-1085-4498-9CBB-36914DFE2EA5}.Release|iPhone.ActiveCfg = Release|iPhone
		{FEEAA640-1085-4498-9CBB-36914DFE2EA5}.Release|iPhone.Build.0 = Release|iPhone
		{FEEAA640-1085-4498-9CBB-36914DFE2EA5}.Release|iPhone.Deploy.0 = Release|iPhone
		{FEEAA640-1085-4498-9CBB-36914DFE2EA5}.Release|iPhoneSimulator.ActiveCfg = Release|iPhoneSimulator
		{FEEAA640-1085-4498-9CBB-36914DFE2EA5}.Release|iPhoneSimulator.Build.0 = Release|iPhoneSimulator
		{FEEAA640-1085-4498-9CBB-36914DFE2EA5}.Release|iPhoneSimulator.Deploy.0 = Release|iPhoneSimulator
		{FEEAA640-1085-4498-9CBB-36914DFE2EA5}.Release|x64.ActiveCfg = Release|iPhone
		{FEEAA640-1085-4498-9CBB-36914DFE2EA5}.Release|x64.Build.0 = Release|iPhone
		{FEEAA640-1085-4498-9CBB-36914DFE2EA5}.Release|x64.Deploy.0 = Release|iPhone
		{FEEAA640-1085-4498-9CBB-36914DFE2EA5}.Release|x86.ActiveCfg = Release|iPhone
		{FEEAA640-1085-4498-9CBB-36914DFE2EA5}.Release|x86.Build.0 = Release|iPhone
		{FEEAA640-1085-4498-9CBB-36914DFE2EA5}.Release|x86.Deploy.0 = Release|iPhone
		{2EF66114-A634-41CE-9CC0-4DA9C603006A}.Debug|Any CPU.ActiveCfg = Debug|x86
		{2EF66114-A634-41CE-9CC0-4DA9C603006A}.Debug|ARM.ActiveCfg = Debug|ARM
		{2EF66114-A634-41CE-9CC0-4DA9C603006A}.Debug|ARM.Build.0 = Debug|ARM
		{2EF66114-A634-41CE-9CC0-4DA9C603006A}.Debug|ARM.Deploy.0 = Debug|ARM
		{2EF66114-A634-41CE-9CC0-4DA9C603006A}.Debug|iPhone.ActiveCfg = Debug|x86
		{2EF66114-A634-41CE-9CC0-4DA9C603006A}.Debug|iPhoneSimulator.ActiveCfg = Debug|x86
		{2EF66114-A634-41CE-9CC0-4DA9C603006A}.Debug|x64.ActiveCfg = Debug|x64
		{2EF66114-A634-41CE-9CC0-4DA9C603006A}.Debug|x64.Build.0 = Debug|x64
		{2EF66114-A634-41CE-9CC0-4DA9C603006A}.Debug|x64.Deploy.0 = Debug|x64
		{2EF66114-A634-41CE-9CC0-4DA9C603006A}.Debug|x86.ActiveCfg = Debug|x86
		{2EF66114-A634-41CE-9CC0-4DA9C603006A}.Debug|x86.Build.0 = Debug|x86
		{2EF66114-A634-41CE-9CC0-4DA9C603006A}.Debug|x86.Deploy.0 = Debug|x86
		{2EF66114-A634-41CE-9CC0-4DA9C603006A}.Release|Any CPU.ActiveCfg = Release|x86
		{2EF66114-A634-41CE-9CC0-4DA9C603006A}.Release|ARM.ActiveCfg = Release|ARM
		{2EF66114-A634-41CE-9CC0-4DA9C603006A}.Release|ARM.Build.0 = Release|ARM
		{2EF66114-A634-41CE-9CC0-4DA9C603006A}.Release|ARM.Deploy.0 = Release|ARM
		{2EF66114-A634-41CE-9CC0-4DA9C603006A}.Release|iPhone.ActiveCfg = Release|x86
		{2EF66114-A634-41CE-9CC0-4DA9C603006A}.Release|iPhoneSimulator.ActiveCfg = Release|x86
		{2EF66114-A634-41CE-9CC0-4DA9C603006A}.Release|x64.ActiveCfg = Release|x64
		{2EF66114-A634-41CE-9CC0-4DA9C603006A}.Release|x64.Build.0 = Release|x64
		{2EF66114-A634-41CE-9CC0-4DA9C603006A}.Release|x64.Deploy.0 = Release|x64
		{2EF66114-A634-41CE-9CC0-4DA9C603006A}.Release|x86.ActiveCfg = Release|x86
		{2EF66114-A634-41CE-9CC0-4DA9C603006A}.Release|x86.Build.0 = Release|x86
		{2EF66114-A634-41CE-9CC0-4DA9C603006A}.Release|x86.Deploy.0 = Release|x86
		{0661F747-C8C7-404A-8B78-0BDA4AF59ABE}.Debug|Any CPU.ActiveCfg = Debug|Any CPU
		{0661F747-C8C7-404A-8B78-0BDA4AF59ABE}.Debug|Any CPU.Build.0 = Debug|Any CPU
		{0661F747-C8C7-404A-8B78-0BDA4AF59ABE}.Debug|Any CPU.Deploy.0 = Debug|Any CPU
		{0661F747-C8C7-404A-8B78-0BDA4AF59ABE}.Debug|ARM.ActiveCfg = Debug|Any CPU
		{0661F747-C8C7-404A-8B78-0BDA4AF59ABE}.Debug|ARM.Build.0 = Debug|Any CPU
		{0661F747-C8C7-404A-8B78-0BDA4AF59ABE}.Debug|ARM.Deploy.0 = Debug|Any CPU
		{0661F747-C8C7-404A-8B78-0BDA4AF59ABE}.Debug|iPhone.ActiveCfg = Debug|Any CPU
		{0661F747-C8C7-404A-8B78-0BDA4AF59ABE}.Debug|iPhone.Build.0 = Debug|Any CPU
		{0661F747-C8C7-404A-8B78-0BDA4AF59ABE}.Debug|iPhone.Deploy.0 = Debug|Any CPU
		{0661F747-C8C7-404A-8B78-0BDA4AF59ABE}.Debug|iPhoneSimulator.ActiveCfg = Debug|Any CPU
		{0661F747-C8C7-404A-8B78-0BDA4AF59ABE}.Debug|iPhoneSimulator.Build.0 = Debug|Any CPU
		{0661F747-C8C7-404A-8B78-0BDA4AF59ABE}.Debug|iPhoneSimulator.Deploy.0 = Debug|Any CPU
		{0661F747-C8C7-404A-8B78-0BDA4AF59ABE}.Debug|x64.ActiveCfg = Debug|Any CPU
		{0661F747-C8C7-404A-8B78-0BDA4AF59ABE}.Debug|x64.Build.0 = Debug|Any CPU
		{0661F747-C8C7-404A-8B78-0BDA4AF59ABE}.Debug|x64.Deploy.0 = Debug|Any CPU
		{0661F747-C8C7-404A-8B78-0BDA4AF59ABE}.Debug|x86.ActiveCfg = Debug|Any CPU
		{0661F747-C8C7-404A-8B78-0BDA4AF59ABE}.Debug|x86.Build.0 = Debug|Any CPU
		{0661F747-C8C7-404A-8B78-0BDA4AF59ABE}.Debug|x86.Deploy.0 = Debug|Any CPU
		{0661F747-C8C7-404A-8B78-0BDA4AF59ABE}.Release|Any CPU.ActiveCfg = Release|Any CPU
		{0661F747-C8C7-404A-8B78-0BDA4AF59ABE}.Release|Any CPU.Build.0 = Release|Any CPU
		{0661F747-C8C7-404A-8B78-0BDA4AF59ABE}.Release|Any CPU.Deploy.0 = Release|Any CPU
		{0661F747-C8C7-404A-8B78-0BDA4AF59ABE}.Release|ARM.ActiveCfg = Release|Any CPU
		{0661F747-C8C7-404A-8B78-0BDA4AF59ABE}.Release|ARM.Build.0 = Release|Any CPU
		{0661F747-C8C7-404A-8B78-0BDA4AF59ABE}.Release|ARM.Deploy.0 = Release|Any CPU
		{0661F747-C8C7-404A-8B78-0BDA4AF59ABE}.Release|iPhone.ActiveCfg = Release|Any CPU
		{0661F747-C8C7-404A-8B78-0BDA4AF59ABE}.Release|iPhone.Build.0 = Release|Any CPU
		{0661F747-C8C7-404A-8B78-0BDA4AF59ABE}.Release|iPhone.Deploy.0 = Release|Any CPU
		{0661F747-C8C7-404A-8B78-0BDA4AF59ABE}.Release|iPhoneSimulator.ActiveCfg = Release|Any CPU
		{0661F747-C8C7-404A-8B78-0BDA4AF59ABE}.Release|iPhoneSimulator.Build.0 = Release|Any CPU
		{0661F747-C8C7-404A-8B78-0BDA4AF59ABE}.Release|iPhoneSimulator.Deploy.0 = Release|Any CPU
		{0661F747-C8C7-404A-8B78-0BDA4AF59ABE}.Release|x64.ActiveCfg = Release|Any CPU
		{0661F747-C8C7-404A-8B78-0BDA4AF59ABE}.Release|x64.Build.0 = Release|Any CPU
		{0661F747-C8C7-404A-8B78-0BDA4AF59ABE}.Release|x64.Deploy.0 = Release|Any CPU
		{0661F747-C8C7-404A-8B78-0BDA4AF59ABE}.Release|x86.ActiveCfg = Release|Any CPU
		{0661F747-C8C7-404A-8B78-0BDA4AF59ABE}.Release|x86.Build.0 = Release|Any CPU
		{0661F747-C8C7-404A-8B78-0BDA4AF59ABE}.Release|x86.Deploy.0 = Release|Any CPU
	EndGlobalSection
	GlobalSection(SolutionProperties) = preSolution
		HideSolutionNode = FALSE
	EndGlobalSection
	GlobalSection(ExtensibilityGlobals) = postSolution
		SolutionGuid = {8CE74205-1000-476F-BE71-113A8A3937EA}
	EndGlobalSection
EndGlobal
